
Microsoft Visual Studio Solution File, Format Version 12.00
# Visual Studio Version 17
VisualStudioVersion = 17.0.32112.339
MinimumVisualStudioVersion = 10.0.40219.1
Project("{FAE04EC0-301F-11D3-BF4B-00C04F79EFBC}") = "MapsUkraine", "MapsUkraine\MapsUkraine.csproj", "{9F51022C-DD97-453F-A596-5305C162DF91}"
EndProject
Global
	GlobalSection(SolutionConfigurationPlatforms) = preSolution
		Debug|Any CPU = Debug|Any CPU
		Release|Any CPU = Release|Any CPU
	EndGlobalSection
	GlobalSection(ProjectConfigurationPlatforms) = postSolution
		{9F51022C-DD97-453F-A596-5305C162DF91}.Debug|Any CPU.ActiveCfg = Debug|Any CPU
		{9F51022C-DD97-453F-A596-5305C162DF91}.Debug|Any CPU.Build.0 = Debug|Any CPU
		{9F51022C-DD97-453F-A596-5305C162DF91}.Release|Any CPU.ActiveCfg = Release|Any CPU
		{9F51022C-DD97-453F-A596-5305C162DF91}.Release|Any CPU.Build.0 = Release|Any CPU
	EndGlobalSection
	GlobalSection(SolutionProperties) = preSolution
		HideSolutionNode = FALSE
	EndGlobalSection
	GlobalSection(ExtensibilityGlobals) = postSolution
		SolutionGuid = {5B30C88A-D930-489A-B22E-0DD6264F84C3}
	EndGlobalSection
EndGlobal
